
Microsoft Visual Studio Solution File, Format Version 12.00
# Visual Studio Version 16
VisualStudioVersion = 16.0.31729.503
MinimumVisualStudioVersion = 10.0.40219.1
Project("{FAE04EC0-301F-11D3-BF4B-00C04F79EFBC}") = "Stripper", "Stripper\Stripper.csproj", "{C09B88D3-A06B-48DA-A19C-1DE796F447EB}"
EndProject
Global
	GlobalSection(SolutionConfigurationPlatforms) = preSolution
		Debug|Any CPU = Debug|Any CPU
		Release|Any CPU = Release|Any CPU
	EndGlobalSection
	GlobalSection(ProjectConfigurationPlatforms) = postSolution
		{C09B88D3-A06B-48DA-A19C-1DE796F447EB}.Debug|Any CPU.ActiveCfg = Debug|Any CPU
		{C09B88D3-A06B-48DA-A19C-1DE796F447EB}.Debug|Any CPU.Build.0 = Debug|Any CPU
		{C09B88D3-A06B-48DA-A19C-1DE796F447EB}.Release|Any CPU.ActiveCfg = Release|Any CPU
		{C09B88D3-A06B-48DA-A19C-1DE796F447EB}.Release|Any CPU.Build.0 = Release|Any CPU
	EndGlobalSection
	GlobalSection(SolutionProperties) = preSolution
		HideSolutionNode = FALSE
	EndGlobalSection
	GlobalSection(ExtensibilityGlobals) = postSolution
		SolutionGuid = {50D514B5-F7D8-4928-BBFA-96709BE44F0C}
	EndGlobalSection
EndGlobal
